// !$*UTF8*$!
{
	archiveVersion = 1;
	classes = {
	};
	objectVersion = 50;
	objects = {

/* Begin PBXBuildFile section */
		1178A6F7218AEB0C004936DA /* SafariExtensionViewController.xib in Resources */ = {isa = PBXBuildFile; fileRef = 1178A6F6218AEB0C004936DA /* SafariExtensionViewController.xib */; };
		11A0A6FB218D6A4B00E79DAF /* Media.xcassets in Resources */ = {isa = PBXBuildFile; fileRef = 11A0A6FA218D6A4B00E79DAF /* Media.xcassets */; };
		11C01D5A22FF9C0800E72B4F /* package.json in Resources */ = {isa = PBXBuildFile; fileRef = 11C01D5922FF9C0800E72B4F /* package.json */; };
		11C01D5C22FF9C9500E72B4F /* node_modules in Resources */ = {isa = PBXBuildFile; fileRef = 11C01D5B22FF9C9400E72B4F /* node_modules */; };
		11C01D5E22FF9CF200E72B4F /* package-lock.json in Resources */ = {isa = PBXBuildFile; fileRef = 11C01D5D22FF9CF200E72B4F /* package-lock.json */; };
		11C01D60230011AE00E72B4F /* bundle.js in Resources */ = {isa = PBXBuildFile; fileRef = 11C01D5F230011AE00E72B4F /* bundle.js */; };
		11C46632210E7971003D3CA2 /* MyCustomSegue.swift in Sources */ = {isa = PBXBuildFile; fileRef = 11C46631210E7971003D3CA2 /* MyCustomSegue.swift */; };
		11C46634210E7A7F003D3CA2 /* MyCustomAnimator.swift in Sources */ = {isa = PBXBuildFile; fileRef = 11C46633210E7A7F003D3CA2 /* MyCustomAnimator.swift */; };
		11C639C520F5FE3C0020D4A3 /* AppDelegate.swift in Sources */ = {isa = PBXBuildFile; fileRef = 11C639C420F5FE3C0020D4A3 /* AppDelegate.swift */; };
		11C639C720F5FE3C0020D4A3 /* MyViewController.swift in Sources */ = {isa = PBXBuildFile; fileRef = 11C639C620F5FE3C0020D4A3 /* MyViewController.swift */; };
		11C639C920F5FE3E0020D4A3 /* Assets.xcassets in Resources */ = {isa = PBXBuildFile; fileRef = 11C639C820F5FE3E0020D4A3 /* Assets.xcassets */; };
		11C639CC20F5FE3E0020D4A3 /* Main.storyboard in Resources */ = {isa = PBXBuildFile; fileRef = 11C639CA20F5FE3E0020D4A3 /* Main.storyboard */; };
		11C63A302106E7860020D4A3 /* Cocoa.framework in Frameworks */ = {isa = PBXBuildFile; fileRef = 11C639DA20F5FF4F0020D4A3 /* Cocoa.framework */; };
		11C63A332106E7860020D4A3 /* SafariExtensionHandler.swift in Sources */ = {isa = PBXBuildFile; fileRef = 11C63A322106E7860020D4A3 /* SafariExtensionHandler.swift */; };
		11C63A352106E7860020D4A3 /* SafariExtensionViewController.swift in Sources */ = {isa = PBXBuildFile; fileRef = 11C63A342106E7860020D4A3 /* SafariExtensionViewController.swift */; };
		11C63A3B2106E7860020D4A3 /* script.js in Resources */ = {isa = PBXBuildFile; fileRef = 11C63A3A2106E7860020D4A3 /* script.js */; };
		11C63A412106E7860020D4A3 /* Messenger Black for Safari.appex in Embed App Extensions */ = {isa = PBXBuildFile; fileRef = 11C63A2F2106E7860020D4A3 /* Messenger Black for Safari.appex */; settings = {ATTRIBUTES = (RemoveHeadersOnCopy, ); }; };
		11C63A462106E8060020D4A3 /* messengerblack.css in Resources */ = {isa = PBXBuildFile; fileRef = 11C63A452106E8060020D4A3 /* messengerblack.css */; };
		11CDC30D254015CB00196EA6 /* ToolbarItemIcon.pdf in Resources */ = {isa = PBXBuildFile; fileRef = 11CDC30C254015CB00196EA6 /* ToolbarItemIcon.pdf */; };
/* End PBXBuildFile section */

/* Begin PBXContainerItemProxy section */
		11C63A3F2106E7860020D4A3 /* PBXContainerItemProxy */ = {
			isa = PBXContainerItemProxy;
			containerPortal = 11C639B920F5FE3C0020D4A3 /* Project object */;
			proxyType = 1;
			remoteGlobalIDString = 11C63A2E2106E7860020D4A3;
			remoteInfo = "Messenger Black for Safari";
		};
/* End PBXContainerItemProxy section */

/* Begin PBXCopyFilesBuildPhase section */
		11C639F020F5FF4F0020D4A3 /* Embed App Extensions */ = {
			isa = PBXCopyFilesBuildPhase;
			buildActionMask = 2147483647;
			dstPath = "";
			dstSubfolderSpec = 13;
			files = (
				11C63A412106E7860020D4A3 /* Messenger Black for Safari.appex in Embed App Extensions */,
			);
			name = "Embed App Extensions";
			runOnlyForDeploymentPostprocessing = 0;
		};
/* End PBXCopyFilesBuildPhase section */

/* Begin PBXFileReference section */
		1178A6F6218AEB0C004936DA /* SafariExtensionViewController.xib */ = {isa = PBXFileReference; fileEncoding = 4; lastKnownFileType = file.xib; path = SafariExtensionViewController.xib; sourceTree = "<group>"; };
		11A0A6FA218D6A4B00E79DAF /* Media.xcassets */ = {isa = PBXFileReference; lastKnownFileType = folder.assetcatalog; path = Media.xcassets; sourceTree = "<group>"; };
		11C01D5922FF9C0800E72B4F /* package.json */ = {isa = PBXFileReference; fileEncoding = 4; lastKnownFileType = text.json; path = package.json; sourceTree = "<group>"; };
		11C01D5B22FF9C9400E72B4F /* node_modules */ = {isa = PBXFileReference; lastKnownFileType = folder; path = node_modules; sourceTree = "<group>"; };
		11C01D5D22FF9CF200E72B4F /* package-lock.json */ = {isa = PBXFileReference; fileEncoding = 4; lastKnownFileType = text.json; path = "package-lock.json"; sourceTree = "<group>"; };
		11C01D5F230011AE00E72B4F /* bundle.js */ = {isa = PBXFileReference; fileEncoding = 4; lastKnownFileType = sourcecode.javascript; path = bundle.js; sourceTree = "<group>"; };
		11C46631210E7971003D3CA2 /* MyCustomSegue.swift */ = {isa = PBXFileReference; lastKnownFileType = sourcecode.swift; path = MyCustomSegue.swift; sourceTree = "<group>"; };
		11C46633210E7A7F003D3CA2 /* MyCustomAnimator.swift */ = {isa = PBXFileReference; lastKnownFileType = sourcecode.swift; path = MyCustomAnimator.swift; sourceTree = "<group>"; };
		11C639C120F5FE3C0020D4A3 /* Messenger Black.app */ = {isa = PBXFileReference; explicitFileType = wrapper.application; includeInIndex = 0; path = "Messenger Black.app"; sourceTree = BUILT_PRODUCTS_DIR; };
		11C639C420F5FE3C0020D4A3 /* AppDelegate.swift */ = {isa = PBXFileReference; lastKnownFileType = sourcecode.swift; path = AppDelegate.swift; sourceTree = "<group>"; };
		11C639C620F5FE3C0020D4A3 /* MyViewController.swift */ = {isa = PBXFileReference; lastKnownFileType = sourcecode.swift; path = MyViewController.swift; sourceTree = "<group>"; };
		11C639C820F5FE3E0020D4A3 /* Assets.xcassets */ = {isa = PBXFileReference; lastKnownFileType = folder.assetcatalog; path = Assets.xcassets; sourceTree = "<group>"; };
		11C639CB20F5FE3E0020D4A3 /* Base */ = {isa = PBXFileReference; lastKnownFileType = file.storyboard; name = Base; path = Base.lproj/Main.storyboard; sourceTree = "<group>"; };
		11C639CD20F5FE3E0020D4A3 /* Info.plist */ = {isa = PBXFileReference; lastKnownFileType = text.plist.xml; path = Info.plist; sourceTree = "<group>"; };
		11C639DA20F5FF4F0020D4A3 /* Cocoa.framework */ = {isa = PBXFileReference; lastKnownFileType = wrapper.framework; name = Cocoa.framework; path = System/Library/Frameworks/Cocoa.framework; sourceTree = SDKROOT; };
		11C63A2F2106E7860020D4A3 /* Messenger Black for Safari.appex */ = {isa = PBXFileReference; explicitFileType = "wrapper.app-extension"; includeInIndex = 0; path = "Messenger Black for Safari.appex"; sourceTree = BUILT_PRODUCTS_DIR; };
		11C63A322106E7860020D4A3 /* SafariExtensionHandler.swift */ = {isa = PBXFileReference; lastKnownFileType = sourcecode.swift; path = SafariExtensionHandler.swift; sourceTree = "<group>"; };
		11C63A342106E7860020D4A3 /* SafariExtensionViewController.swift */ = {isa = PBXFileReference; lastKnownFileType = sourcecode.swift; path = SafariExtensionViewController.swift; sourceTree = "<group>"; };
		11C63A392106E7860020D4A3 /* Info.plist */ = {isa = PBXFileReference; lastKnownFileType = text.plist.xml; path = Info.plist; sourceTree = "<group>"; };
		11C63A3A2106E7860020D4A3 /* script.js */ = {isa = PBXFileReference; lastKnownFileType = sourcecode.javascript; path = script.js; sourceTree = "<group>"; };
		11C63A452106E8060020D4A3 /* messengerblack.css */ = {isa = PBXFileReference; fileEncoding = 4; lastKnownFileType = text.css; path = messengerblack.css; sourceTree = "<group>"; };
		11CDC30C254015CB00196EA6 /* ToolbarItemIcon.pdf */ = {isa = PBXFileReference; lastKnownFileType = image.pdf; path = ToolbarItemIcon.pdf; sourceTree = "<group>"; };
		11FF9CBF22FEB4D1007F9879 /* Messenger Black.entitlements */ = {isa = PBXFileReference; lastKnownFileType = text.plist.entitlements; path = "Messenger Black.entitlements"; sourceTree = "<group>"; };
		11FF9CC022FEB760007F9879 /* Messenger Black for Safari.entitlements */ = {isa = PBXFileReference; lastKnownFileType = text.plist.entitlements; path = "Messenger Black for Safari.entitlements"; sourceTree = "<group>"; };
/* End PBXFileReference section */

/* Begin PBXFrameworksBuildPhase section */
		11C639BE20F5FE3C0020D4A3 /* Frameworks */ = {
			isa = PBXFrameworksBuildPhase;
			buildActionMask = 2147483647;
			files = (
			);
			runOnlyForDeploymentPostprocessing = 0;
		};
		11C63A2C2106E7860020D4A3 /* Frameworks */ = {
			isa = PBXFrameworksBuildPhase;
			buildActionMask = 2147483647;
			files = (
				11C63A302106E7860020D4A3 /* Cocoa.framework in Frameworks */,
			);
			runOnlyForDeploymentPostprocessing = 0;
		};
/* End PBXFrameworksBuildPhase section */

/* Begin PBXGroup section */
		11C639B820F5FE3C0020D4A3 = {
			isa = PBXGroup;
			children = (
				11C639C320F5FE3C0020D4A3 /* Messenger Black */,
				11C63A312106E7860020D4A3 /* Messenger Black for Safari */,
				11C639D920F5FF4F0020D4A3 /* Frameworks */,
				11C639C220F5FE3C0020D4A3 /* Products */,
			);
			sourceTree = "<group>";
		};
		11C639C220F5FE3C0020D4A3 /* Products */ = {
			isa = PBXGroup;
			children = (
				11C639C120F5FE3C0020D4A3 /* Messenger Black.app */,
				11C63A2F2106E7860020D4A3 /* Messenger Black for Safari.appex */,
			);
			name = Products;
			sourceTree = "<group>";
		};
		11C639C320F5FE3C0020D4A3 /* Messenger Black */ = {
			isa = PBXGroup;
			children = (
				11FF9CBF22FEB4D1007F9879 /* Messenger Black.entitlements */,
				11C639C420F5FE3C0020D4A3 /* AppDelegate.swift */,
				11C639C620F5FE3C0020D4A3 /* MyViewController.swift */,
				11C639CA20F5FE3E0020D4A3 /* Main.storyboard */,
				11C639C820F5FE3E0020D4A3 /* Assets.xcassets */,
				11C639CD20F5FE3E0020D4A3 /* Info.plist */,
				11C46631210E7971003D3CA2 /* MyCustomSegue.swift */,
				11C46633210E7A7F003D3CA2 /* MyCustomAnimator.swift */,
			);
			path = "Messenger Black";
			sourceTree = "<group>";
		};
		11C639D920F5FF4F0020D4A3 /* Frameworks */ = {
			isa = PBXGroup;
			children = (
				11C639DA20F5FF4F0020D4A3 /* Cocoa.framework */,
			);
			name = Frameworks;
			sourceTree = "<group>";
		};
		11C63A312106E7860020D4A3 /* Messenger Black for Safari */ = {
			isa = PBXGroup;
			children = (
				11C01D5B22FF9C9400E72B4F /* node_modules */,
				11C01D5F230011AE00E72B4F /* bundle.js */,
				11FF9CC022FEB760007F9879 /* Messenger Black for Safari.entitlements */,
				11C63A452106E8060020D4A3 /* messengerblack.css */,
				11C63A322106E7860020D4A3 /* SafariExtensionHandler.swift */,
				11C63A342106E7860020D4A3 /* SafariExtensionViewController.swift */,
				1178A6F6218AEB0C004936DA /* SafariExtensionViewController.xib */,
				11CDC30C254015CB00196EA6 /* ToolbarItemIcon.pdf */,
				11C63A392106E7860020D4A3 /* Info.plist */,
				11C63A3A2106E7860020D4A3 /* script.js */,
				11C01D5922FF9C0800E72B4F /* package.json */,
				11C01D5D22FF9CF200E72B4F /* package-lock.json */,
				11A0A6FA218D6A4B00E79DAF /* Media.xcassets */,
			);
			path = "Messenger Black for Safari";
			sourceTree = "<group>";
		};
/* End PBXGroup section */

/* Begin PBXNativeTarget section */
		11C639C020F5FE3C0020D4A3 /* Messenger Black */ = {
			isa = PBXNativeTarget;
			buildConfigurationList = 11C639D120F5FE3E0020D4A3 /* Build configuration list for PBXNativeTarget "Messenger Black" */;
			buildPhases = (
				11C639BD20F5FE3C0020D4A3 /* Sources */,
				11C639BE20F5FE3C0020D4A3 /* Frameworks */,
				11C639BF20F5FE3C0020D4A3 /* Resources */,
				11C639F020F5FF4F0020D4A3 /* Embed App Extensions */,
			);
			buildRules = (
			);
			dependencies = (
				11C63A402106E7860020D4A3 /* PBXTargetDependency */,
			);
			name = "Messenger Black";
			productName = "Messenger Black";
			productReference = 11C639C120F5FE3C0020D4A3 /* Messenger Black.app */;
			productType = "com.apple.product-type.application";
		};
		11C63A2E2106E7860020D4A3 /* Messenger Black for Safari */ = {
			isa = PBXNativeTarget;
			buildConfigurationList = 11C63A442106E7870020D4A3 /* Build configuration list for PBXNativeTarget "Messenger Black for Safari" */;
			buildPhases = (
				11C63A2B2106E7860020D4A3 /* Sources */,
				11C63A2C2106E7860020D4A3 /* Frameworks */,
				11C63A2D2106E7860020D4A3 /* Resources */,
			);
			buildRules = (
			);
			dependencies = (
			);
			name = "Messenger Black for Safari";
			productName = "Messenger Black for Safari";
			productReference = 11C63A2F2106E7860020D4A3 /* Messenger Black for Safari.appex */;
			productType = "com.apple.product-type.app-extension";
		};
/* End PBXNativeTarget section */

/* Begin PBXProject section */
		11C639B920F5FE3C0020D4A3 /* Project object */ = {
			isa = PBXProject;
			attributes = {
				LastSwiftUpdateCheck = 0940;
				LastUpgradeCheck = 0940;
				ORGANIZATIONNAME = "Ryan Mohta";
				TargetAttributes = {
					11C639C020F5FE3C0020D4A3 = {
						CreatedOnToolsVersion = 9.4.1;
						LastSwiftMigration = 1020;
						SystemCapabilities = {
							com.apple.Push = {
								enabled = 0;
							};
							com.apple.Sandbox = {
								enabled = 1;
							};
						};
					};
					11C63A2E2106E7860020D4A3 = {
						CreatedOnToolsVersion = 9.4.1;
						LastSwiftMigration = 1020;
						SystemCapabilities = {
							com.apple.Sandbox = {
								enabled = 1;
							};
						};
					};
				};
			};
			buildConfigurationList = 11C639BC20F5FE3C0020D4A3 /* Build configuration list for PBXProject "Messenger Black" */;
			compatibilityVersion = "Xcode 9.3";
			developmentRegion = en;
			hasScannedForEncodings = 0;
			knownRegions = (
				en,
				Base,
			);
			mainGroup = 11C639B820F5FE3C0020D4A3;
			productRefGroup = 11C639C220F5FE3C0020D4A3 /* Products */;
			projectDirPath = "";
			projectRoot = "";
			targets = (
				11C639C020F5FE3C0020D4A3 /* Messenger Black */,
				11C63A2E2106E7860020D4A3 /* Messenger Black for Safari */,
			);
		};
/* End PBXProject section */

/* Begin PBXResourcesBuildPhase section */
		11C639BF20F5FE3C0020D4A3 /* Resources */ = {
			isa = PBXResourcesBuildPhase;
			buildActionMask = 2147483647;
			files = (
				11C639C920F5FE3E0020D4A3 /* Assets.xcassets in Resources */,
				11C639CC20F5FE3E0020D4A3 /* Main.storyboard in Resources */,
			);
			runOnlyForDeploymentPostprocessing = 0;
		};
		11C63A2D2106E7860020D4A3 /* Resources */ = {
			isa = PBXResourcesBuildPhase;
			buildActionMask = 2147483647;
			files = (
				11A0A6FB218D6A4B00E79DAF /* Media.xcassets in Resources */,
				11C63A3B2106E7860020D4A3 /* script.js in Resources */,
				11C01D60230011AE00E72B4F /* bundle.js in Resources */,
				11CDC30D254015CB00196EA6 /* ToolbarItemIcon.pdf in Resources */,
				11C01D5A22FF9C0800E72B4F /* package.json in Resources */,
				11C01D5E22FF9CF200E72B4F /* package-lock.json in Resources */,
				11C01D5C22FF9C9500E72B4F /* node_modules in Resources */,
				11C63A462106E8060020D4A3 /* messengerblack.css in Resources */,
				1178A6F7218AEB0C004936DA /* SafariExtensionViewController.xib in Resources */,
			);
			runOnlyForDeploymentPostprocessing = 0;
		};
/* End PBXResourcesBuildPhase section */

/* Begin PBXSourcesBuildPhase section */
		11C639BD20F5FE3C0020D4A3 /* Sources */ = {
			isa = PBXSourcesBuildPhase;
			buildActionMask = 2147483647;
			files = (
				11C46634210E7A7F003D3CA2 /* MyCustomAnimator.swift in Sources */,
				11C639C720F5FE3C0020D4A3 /* MyViewController.swift in Sources */,
				11C639C520F5FE3C0020D4A3 /* AppDelegate.swift in Sources */,
				11C46632210E7971003D3CA2 /* MyCustomSegue.swift in Sources */,
			);
			runOnlyForDeploymentPostprocessing = 0;
		};
		11C63A2B2106E7860020D4A3 /* Sources */ = {
			isa = PBXSourcesBuildPhase;
			buildActionMask = 2147483647;
			files = (
				11C63A352106E7860020D4A3 /* SafariExtensionViewController.swift in Sources */,
				11C63A332106E7860020D4A3 /* SafariExtensionHandler.swift in Sources */,
			);
			runOnlyForDeploymentPostprocessing = 0;
		};
/* End PBXSourcesBuildPhase section */

/* Begin PBXTargetDependency section */
		11C63A402106E7860020D4A3 /* PBXTargetDependency */ = {
			isa = PBXTargetDependency;
			target = 11C63A2E2106E7860020D4A3 /* Messenger Black for Safari */;
			targetProxy = 11C63A3F2106E7860020D4A3 /* PBXContainerItemProxy */;
		};
/* End PBXTargetDependency section */

/* Begin PBXVariantGroup section */
		11C639CA20F5FE3E0020D4A3 /* Main.storyboard */ = {
			isa = PBXVariantGroup;
			children = (
				11C639CB20F5FE3E0020D4A3 /* Base */,
			);
			name = Main.storyboard;
			sourceTree = "<group>";
		};
/* End PBXVariantGroup section */

/* Begin XCBuildConfiguration section */
		11C639CF20F5FE3E0020D4A3 /* Debug */ = {
			isa = XCBuildConfiguration;
			buildSettings = {
				ALWAYS_SEARCH_USER_PATHS = NO;
				CLANG_ANALYZER_NONNULL = YES;
				CLANG_ANALYZER_NUMBER_OBJECT_CONVERSION = YES_AGGRESSIVE;
				CLANG_CXX_LANGUAGE_STANDARD = "gnu++14";
				CLANG_CXX_LIBRARY = "libc++";
				CLANG_ENABLE_MODULES = YES;
				CLANG_ENABLE_OBJC_ARC = YES;
				CLANG_ENABLE_OBJC_WEAK = YES;
				CLANG_WARN_BLOCK_CAPTURE_AUTORELEASING = YES;
				CLANG_WARN_BOOL_CONVERSION = YES;
				CLANG_WARN_COMMA = YES;
				CLANG_WARN_CONSTANT_CONVERSION = YES;
				CLANG_WARN_DEPRECATED_OBJC_IMPLEMENTATIONS = YES;
				CLANG_WARN_DIRECT_OBJC_ISA_USAGE = YES_ERROR;
				CLANG_WARN_DOCUMENTATION_COMMENTS = YES;
				CLANG_WARN_EMPTY_BODY = YES;
				CLANG_WARN_ENUM_CONVERSION = YES;
				CLANG_WARN_INFINITE_RECURSION = YES;
				CLANG_WARN_INT_CONVERSION = YES;
				CLANG_WARN_NON_LITERAL_NULL_CONVERSION = YES;
				CLANG_WARN_OBJC_IMPLICIT_RETAIN_SELF = YES;
				CLANG_WARN_OBJC_LITERAL_CONVERSION = YES;
				CLANG_WARN_OBJC_ROOT_CLASS = YES_ERROR;
				CLANG_WARN_RANGE_LOOP_ANALYSIS = YES;
				CLANG_WARN_STRICT_PROTOTYPES = YES;
				CLANG_WARN_SUSPICIOUS_MOVE = YES;
				CLANG_WARN_UNGUARDED_AVAILABILITY = YES_AGGRESSIVE;
				CLANG_WARN_UNREACHABLE_CODE = YES;
				CLANG_WARN__DUPLICATE_METHOD_MATCH = YES;
				CODE_SIGN_IDENTITY = "Mac Developer";
				COPY_PHASE_STRIP = NO;
				DEBUG_INFORMATION_FORMAT = dwarf;
				ENABLE_STRICT_OBJC_MSGSEND = YES;
				ENABLE_TESTABILITY = YES;
				GCC_C_LANGUAGE_STANDARD = gnu11;
				GCC_DYNAMIC_NO_PIC = NO;
				GCC_NO_COMMON_BLOCKS = YES;
				GCC_OPTIMIZATION_LEVEL = 0;
				GCC_PREPROCESSOR_DEFINITIONS = (
					"DEBUG=1",
					"$(inherited)",
				);
				GCC_WARN_64_TO_32_BIT_CONVERSION = YES;
				GCC_WARN_ABOUT_RETURN_TYPE = YES_ERROR;
				GCC_WARN_UNDECLARED_SELECTOR = YES;
				GCC_WARN_UNINITIALIZED_AUTOS = YES_AGGRESSIVE;
				GCC_WARN_UNUSED_FUNCTION = YES;
				GCC_WARN_UNUSED_VARIABLE = YES;
				MACOSX_DEPLOYMENT_TARGET = 10.14;
				MTL_ENABLE_DEBUG_INFO = YES;
				ONLY_ACTIVE_ARCH = YES;
				SDKROOT = macosx;
				SWIFT_ACTIVE_COMPILATION_CONDITIONS = DEBUG;
				SWIFT_OPTIMIZATION_LEVEL = "-Onone";
			};
			name = Debug;
		};
		11C639D020F5FE3E0020D4A3 /* Release */ = {
			isa = XCBuildConfiguration;
			buildSettings = {
				ALWAYS_SEARCH_USER_PATHS = NO;
				CLANG_ANALYZER_NONNULL = YES;
				CLANG_ANALYZER_NUMBER_OBJECT_CONVERSION = YES_AGGRESSIVE;
				CLANG_CXX_LANGUAGE_STANDARD = "gnu++14";
				CLANG_CXX_LIBRARY = "libc++";
				CLANG_ENABLE_MODULES = YES;
				CLANG_ENABLE_OBJC_ARC = YES;
				CLANG_ENABLE_OBJC_WEAK = YES;
				CLANG_WARN_BLOCK_CAPTURE_AUTORELEASING = YES;
				CLANG_WARN_BOOL_CONVERSION = YES;
				CLANG_WARN_COMMA = YES;
				CLANG_WARN_CONSTANT_CONVERSION = YES;
				CLANG_WARN_DEPRECATED_OBJC_IMPLEMENTATIONS = YES;
				CLANG_WARN_DIRECT_OBJC_ISA_USAGE = YES_ERROR;
				CLANG_WARN_DOCUMENTATION_COMMENTS = YES;
				CLANG_WARN_EMPTY_BODY = YES;
				CLANG_WARN_ENUM_CONVERSION = YES;
				CLANG_WARN_INFINITE_RECURSION = YES;
				CLANG_WARN_INT_CONVERSION = YES;
				CLANG_WARN_NON_LITERAL_NULL_CONVERSION = YES;
				CLANG_WARN_OBJC_IMPLICIT_RETAIN_SELF = YES;
				CLANG_WARN_OBJC_LITERAL_CONVERSION = YES;
				CLANG_WARN_OBJC_ROOT_CLASS = YES_ERROR;
				CLANG_WARN_RANGE_LOOP_ANALYSIS = YES;
				CLANG_WARN_STRICT_PROTOTYPES = YES;
				CLANG_WARN_SUSPICIOUS_MOVE = YES;
				CLANG_WARN_UNGUARDED_AVAILABILITY = YES_AGGRESSIVE;
				CLANG_WARN_UNREACHABLE_CODE = YES;
				CLANG_WARN__DUPLICATE_METHOD_MATCH = YES;
				CODE_SIGN_IDENTITY = "Mac Developer";
				COPY_PHASE_STRIP = NO;
				DEBUG_INFORMATION_FORMAT = "dwarf-with-dsym";
				ENABLE_NS_ASSERTIONS = NO;
				ENABLE_STRICT_OBJC_MSGSEND = YES;
				GCC_C_LANGUAGE_STANDARD = gnu11;
				GCC_NO_COMMON_BLOCKS = YES;
				GCC_WARN_64_TO_32_BIT_CONVERSION = YES;
				GCC_WARN_ABOUT_RETURN_TYPE = YES_ERROR;
				GCC_WARN_UNDECLARED_SELECTOR = YES;
				GCC_WARN_UNINITIALIZED_AUTOS = YES_AGGRESSIVE;
				GCC_WARN_UNUSED_FUNCTION = YES;
				GCC_WARN_UNUSED_VARIABLE = YES;
				MACOSX_DEPLOYMENT_TARGET = 10.14;
				MTL_ENABLE_DEBUG_INFO = NO;
				SDKROOT = macosx;
				SWIFT_COMPILATION_MODE = wholemodule;
				SWIFT_OPTIMIZATION_LEVEL = "-O";
			};
			name = Release;
		};
		11C639D220F5FE3E0020D4A3 /* Debug */ = {
			isa = XCBuildConfiguration;
			buildSettings = {
				ALWAYS_EMBED_SWIFT_STANDARD_LIBRARIES = YES;
				ASSETCATALOG_COMPILER_APPICON_NAME = AppIcon;
				CODE_SIGN_ENTITLEMENTS = "Messenger Black/Messenger Black.entitlements";
				CODE_SIGN_STYLE = Automatic;
				COMBINE_HIDPI_IMAGES = YES;
				CURRENT_PROJECT_VERSION = 11;
				DEVELOPMENT_TEAM = XX2UC95MTQ;
				INFOPLIST_FILE = "Messenger Black/Info.plist";
				LD_RUNPATH_SEARCH_PATHS = (
					"$(inherited)",
					"@executable_path/../Frameworks",
				);
				MARKETING_VERSION = 1.2;
				PRODUCT_BUNDLE_IDENTIFIER = "com.ryanmohta.Messenger-Black";
				PRODUCT_NAME = "$(TARGET_NAME)";
				SWIFT_VERSION = 5.0;
			};
			name = Debug;
		};
		11C639D320F5FE3E0020D4A3 /* Release */ = {
			isa = XCBuildConfiguration;
			buildSettings = {
				ALWAYS_EMBED_SWIFT_STANDARD_LIBRARIES = YES;
				ASSETCATALOG_COMPILER_APPICON_NAME = AppIcon;
				CODE_SIGN_ENTITLEMENTS = "Messenger Black/Messenger Black.entitlements";
				CODE_SIGN_STYLE = Automatic;
				COMBINE_HIDPI_IMAGES = YES;
				CURRENT_PROJECT_VERSION = 11;
				DEVELOPMENT_TEAM = XX2UC95MTQ;
				INFOPLIST_FILE = "Messenger Black/Info.plist";
				LD_RUNPATH_SEARCH_PATHS = (
					"$(inherited)",
					"@executable_path/../Frameworks",
				);
				MARKETING_VERSION = 1.2;
				PRODUCT_BUNDLE_IDENTIFIER = "com.ryanmohta.Messenger-Black";
				PRODUCT_NAME = "$(TARGET_NAME)";
				SWIFT_VERSION = 5.0;
			};
			name = Release;
		};
		11C63A422106E7870020D4A3 /* Debug */ = {
			isa = XCBuildConfiguration;
			buildSettings = {
				CODE_SIGN_ENTITLEMENTS = "Messenger Black for Safari/Messenger Black for Safari.entitlements";
				CODE_SIGN_STYLE = Automatic;
				CURRENT_PROJECT_VERSION = 11;
				DEVELOPMENT_TEAM = XX2UC95MTQ;
				INFOPLIST_FILE = "Messenger Black for Safari/Info.plist";
				LD_RUNPATH_SEARCH_PATHS = (
					"$(inherited)",
					"@executable_path/../Frameworks",
					"@executable_path/../../../../Frameworks",
				);
				MARKETING_VERSION = 1.2;
				PRODUCT_BUNDLE_IDENTIFIER = "com.ryanmohta.Messenger-Black.Messenger-Black-for-Safari";
				PRODUCT_NAME = "$(TARGET_NAME)";
				SKIP_INSTALL = YES;
				SWIFT_VERSION = 5.0;
			};
			name = Debug;
		};
		11C63A432106E7870020D4A3 /* Release */ = {
			isa = XCBuildConfiguration;
			buildSettings = {
				CODE_SIGN_ENTITLEMENTS = "Messenger Black for Safari/Messenger Black for Safari.entitlements";
				CODE_SIGN_STYLE = Automatic;
				CURRENT_PROJECT_VERSION = 11;
				DEVELOPMENT_TEAM = XX2UC95MTQ;
				INFOPLIST_FILE = "Messenger Black for Safari/Info.plist";
				LD_RUNPATH_SEARCH_PATHS = (
					"$(inherited)",
					"@executable_path/../Frameworks",
					"@executable_path/../../../../Frameworks",
				);
				MARKETING_VERSION = 1.2;
				PRODUCT_BUNDLE_IDENTIFIER = "com.ryanmohta.Messenger-Black.Messenger-Black-for-Safari";
				PRODUCT_NAME = "$(TARGET_NAME)";
				SKIP_INSTALL = YES;
				SWIFT_VERSION = 5.0;
			};
			name = Release;
		};
/* End XCBuildConfiguration section */

/* Begin XCConfigurationList section */
		11C639BC20F5FE3C0020D4A3 /* Build configuration list for PBXProject "Messenger Black" */ = {
			isa = XCConfigurationList;
			buildConfigurations = (
				11C639CF20F5FE3E0020D4A3 /* Debug */,
				11C639D020F5FE3E0020D4A3 /* Release */,
			);
			defaultConfigurationIsVisible = 0;
			defaultConfigurationName = Release;
		};
		11C639D120F5FE3E0020D4A3 /* Build configuration list for PBXNativeTarget "Messenger Black" */ = {
			isa = XCConfigurationList;
			buildConfigurations = (
				11C639D220F5FE3E0020D4A3 /* Debug */,
				11C639D320F5FE3E0020D4A3 /* Release */,
			);
			defaultConfigurationIsVisible = 0;
			defaultConfigurationName = Release;
		};
		11C63A442106E7870020D4A3 /* Build configuration list for PBXNativeTarget "Messenger Black for Safari" */ = {
			isa = XCConfigurationList;
			buildConfigurations = (
				11C63A422106E7870020D4A3 /* Debug */,
				11C63A432106E7870020D4A3 /* Release */,
			);
			defaultConfigurationIsVisible = 0;
			defaultConfigurationName = Release;
		};
/* End XCConfigurationList section */
	};
	rootObject = 11C639B920F5FE3C0020D4A3 /* Project object */;
}
