{
  "name": "messengerblackforsafari",
  "version": "1.0.0",
  "lockfileVersion": 1,
  "requires": true,
  "dependencies": {
    "@messengerblack/messengerblack-css": {
      "version": "0.1.4",
      "resolved": "https://npm.pkg.github.com/download/@messengerblack/messengerblack-css/0.1.4/ddcb0b4032fac6e92dac87162ac649055e7f40f4c65fc576a33abc1ff6363895",
      "integrity": "sha512-zvtVSLmayllQ0zzDNz1uHrJGyKjHrCRsXyujvOqTHN97OrtmY/0rjcGz4oggt7k1z/xKBgC8ny1KvzY6DPiApA=="
    },
    "suncalc": {
      "version": "1.8.0",
      "resolved": "https://registry.npmjs.org/suncalc/-/suncalc-1.8.0.tgz",
      "integrity": "sha1-HZiYEJVjB4dQ9JlKlZ5lTYdqy/U="
    }
  }
}
