{
  "name": "messengerblackforsafari",
  "version": "1.0.0",
  "lockfileVersion": 1,
  "requires": true,
  "dependencies": {
    "@messengerblack/messengerblack-css": {
      "version": "0.1.2",
      "resolved": "https://npm.pkg.github.com/download/@messengerblack/messengerblack-css/0.1.2/4fba7cfb8a93d067d64dae7d09e9008644de9896e320bda0a9204f2fe8271dae",
      "integrity": "sha512-M+pg1Um7EEcEVkSgBlmrBEByDyszp0RsyVZrSa93FN01W5gBi+jyppscLjAlG8znTwsCl8Vq+PhD7wm0a4OIgA=="
    },
    "suncalc": {
      "version": "1.8.0",
      "resolved": "https://registry.npmjs.org/suncalc/-/suncalc-1.8.0.tgz",
      "integrity": "sha1-HZiYEJVjB4dQ9JlKlZ5lTYdqy/U="
    }
  }
}
