{
  "name": "messengerblackforsafari",
  "version": "1.0.0",
  "lockfileVersion": 1,
  "requires": true,
  "dependencies": {
    "@messengerblack/messengerblack-css": {
      "version": "0.1.0",
      "resolved": "https://npm.pkg.github.com/download/@messengerblack/messengerblack-css/0.1.0/65ff9805f1ef2ef105dadc169aab6a38d8c467802c5ac8fc2f72d9846c3a0809",
      "integrity": "sha512-sxvGe9RfPOSOY73/Y65uU52hYL/y5PIOP3RcCcatGtchwbK3Nc4WcqirMZNlKe2Fzohf5qGI8BskXJaLWOdXZA=="
    },
    "suncalc": {
      "version": "1.8.0",
      "resolved": "https://registry.npmjs.org/suncalc/-/suncalc-1.8.0.tgz",
      "integrity": "sha1-HZiYEJVjB4dQ9JlKlZ5lTYdqy/U="
    }
  }
}
